// !$*UTF8*$!
{
	archiveVersion = 1;
	classes = {
	};
	objectVersion = 51;
	objects = {

/* Begin PBXBuildFile section */
		3E02659E2489837F00FCBC09 /* GoalViewController.swift in Sources */ = {isa = PBXBuildFile; fileRef = 3E02659D2489837F00FCBC09 /* GoalViewController.swift */; };
		3E2E67542461EB56006E868D /* CheckMarkButtonWhite.swift in Sources */ = {isa = PBXBuildFile; fileRef = 3E2E67532461EB56006E868D /* CheckMarkButtonWhite.swift */; };
		3E2E675824621439006E868D /* TaskCompletionAnimation.swift in Sources */ = {isa = PBXBuildFile; fileRef = 3E2E675724621439006E868D /* TaskCompletionAnimation.swift */; };
		3E2E67922462D90F006E868D /* GoalCompletionAnimation.swift in Sources */ = {isa = PBXBuildFile; fileRef = 3E2E67912462D90F006E868D /* GoalCompletionAnimation.swift */; };
		3E2E67942462F049006E868D /* AlertController.swift in Sources */ = {isa = PBXBuildFile; fileRef = 3E2E67932462F049006E868D /* AlertController.swift */; };
		3E2E6798246309DD006E868D /* HistoryGoalTableViewCell.swift in Sources */ = {isa = PBXBuildFile; fileRef = 3E2E6797246309DD006E868D /* HistoryGoalTableViewCell.swift */; };
		3E2E67A824644672006E868D /* Charts.framework in Frameworks */ = {isa = PBXBuildFile; fileRef = 3E2E67A424644652006E868D /* Charts.framework */; };
		3E2E67A924644672006E868D /* Charts.framework in Embed Frameworks */ = {isa = PBXBuildFile; fileRef = 3E2E67A424644652006E868D /* Charts.framework */; settings = {ATTRIBUTES = (CodeSignOnCopy, RemoveHeadersOnCopy, ); }; };
		3E414123248A6F5700B2E259 /* DataManagerTests.swift in Sources */ = {isa = PBXBuildFile; fileRef = 3E414122248A6F5700B2E259 /* DataManagerTests.swift */; };
		3E414125248A720500B2E259 /* TimeManager.swift in Sources */ = {isa = PBXBuildFile; fileRef = 3E414124248A720500B2E259 /* TimeManager.swift */; };
		3E414127248A753800B2E259 /* StatsManager.swift in Sources */ = {isa = PBXBuildFile; fileRef = 3E414126248A753800B2E259 /* StatsManager.swift */; };
		3EA91A88246AA06E00EB19ED /* Pods_FocusOn.framework in Frameworks */ = {isa = PBXBuildFile; fileRef = 57BE4570351A128FFBCFA4C0 /* Pods_FocusOn.framework */; };
		3EA91A89246AA06E00EB19ED /* Pods_FocusOn.framework in Embed Frameworks */ = {isa = PBXBuildFile; fileRef = 57BE4570351A128FFBCFA4C0 /* Pods_FocusOn.framework */; settings = {ATTRIBUTES = (CodeSignOnCopy, RemoveHeadersOnCopy, ); }; };
		3EB9AC6F2487D878007AEE1D /* HeaderFooterTableViewCell.swift in Sources */ = {isa = PBXBuildFile; fileRef = 3EB9AC6E2487D878007AEE1D /* HeaderFooterTableViewCell.swift */; };
		3EBC61D1245DDD8400F4B390 /* AppDelegate.swift in Sources */ = {isa = PBXBuildFile; fileRef = 3EBC61D0245DDD8400F4B390 /* AppDelegate.swift */; };
		3EBC61D3245DDD8400F4B390 /* SceneDelegate.swift in Sources */ = {isa = PBXBuildFile; fileRef = 3EBC61D2245DDD8400F4B390 /* SceneDelegate.swift */; };
		3EBC61D8245DDD8400F4B390 /* Main.storyboard in Resources */ = {isa = PBXBuildFile; fileRef = 3EBC61D6245DDD8400F4B390 /* Main.storyboard */; };
		3EBC61DB245DDD8400F4B390 /* FocusOn.xcdatamodeld in Sources */ = {isa = PBXBuildFile; fileRef = 3EBC61D9245DDD8400F4B390 /* FocusOn.xcdatamodeld */; };
		3EBC61DD245DDDAD00F4B390 /* Assets.xcassets in Resources */ = {isa = PBXBuildFile; fileRef = 3EBC61DC245DDDAD00F4B390 /* Assets.xcassets */; };
		3EBC61E0245DDDAD00F4B390 /* LaunchScreen.storyboard in Resources */ = {isa = PBXBuildFile; fileRef = 3EBC61DE245DDDAD00F4B390 /* LaunchScreen.storyboard */; };
		3EBC61ED245F108F00F4B390 /* Goal.swift in Sources */ = {isa = PBXBuildFile; fileRef = 3EBC61EC245F108F00F4B390 /* Goal.swift */; };
		3EBC61EF245F10AC00F4B390 /* Task.swift in Sources */ = {isa = PBXBuildFile; fileRef = 3EBC61EE245F10AC00F4B390 /* Task.swift */; };
		3EBC61F3245F10F600F4B390 /* TodayViewController.swift in Sources */ = {isa = PBXBuildFile; fileRef = 3EBC61F2245F10F500F4B390 /* TodayViewController.swift */; };
		3EBC61F5245F113E00F4B390 /* ProgressViewController.swift in Sources */ = {isa = PBXBuildFile; fileRef = 3EBC61F4245F113E00F4B390 /* ProgressViewController.swift */; };
		3EBC61F7245F114C00F4B390 /* DataManager.swift in Sources */ = {isa = PBXBuildFile; fileRef = 3EBC61F6245F114C00F4B390 /* DataManager.swift */; };
		3EBC61F9245F269500F4B390 /* HistoryViewController.swift in Sources */ = {isa = PBXBuildFile; fileRef = 3EBC61F8245F269400F4B390 /* HistoryViewController.swift */; };
		3EBC61FB245F39ED00F4B390 /* TodayGoalTableViewCell.swift in Sources */ = {isa = PBXBuildFile; fileRef = 3EBC61FA245F39ED00F4B390 /* TodayGoalTableViewCell.swift */; };
		3EBC61FD245F3A0C00F4B390 /* TodayTaskTableViewCell.swift in Sources */ = {isa = PBXBuildFile; fileRef = 3EBC61FC245F3A0C00F4B390 /* TodayTaskTableViewCell.swift */; };
		3EBC6201245F3A5E00F4B390 /* CheckMarkButtonGreen.swift in Sources */ = {isa = PBXBuildFile; fileRef = 3EBC6200245F3A5E00F4B390 /* CheckMarkButtonGreen.swift */; };
		3EBC620624617D7600F4B390 /* HistorySummaryTableViewCell.swift in Sources */ = {isa = PBXBuildFile; fileRef = 3EBC620524617D7600F4B390 /* HistorySummaryTableViewCell.swift */; };
		3EC601F424880CE3004D2798 /* TaskSummaryTableViewCell.swift in Sources */ = {isa = PBXBuildFile; fileRef = 3EC601F324880CE3004D2798 /* TaskSummaryTableViewCell.swift */; };
		3EC601F824881DF4004D2798 /* TVCDatasouceDelegatesExtension.swift in Sources */ = {isa = PBXBuildFile; fileRef = 3EC601F724881DF4004D2798 /* TVCDatasouceDelegatesExtension.swift */; };
/* End PBXBuildFile section */

/* Begin PBXContainerItemProxy section */
		3E2E67A324644652006E868D /* PBXContainerItemProxy */ = {
			isa = PBXContainerItemProxy;
			containerPortal = 3E2E679E24644650006E868D /* Charts.xcodeproj */;
			proxyType = 2;
			remoteGlobalIDString = 65AD9E95D9ED4DC0BD73A743;
			remoteInfo = Charts;
		};
		3E2E67A524644652006E868D /* PBXContainerItemProxy */ = {
			isa = PBXContainerItemProxy;
			containerPortal = 3E2E679E24644650006E868D /* Charts.xcodeproj */;
			proxyType = 2;
			remoteGlobalIDString = 1CBBC58C6CE1EBEE9852CE41;
			remoteInfo = ChartsTests;
		};
		3E41411A248A6EA500B2E259 /* PBXContainerItemProxy */ = {
			isa = PBXContainerItemProxy;
			containerPortal = 3EBC61C5245DDD8400F4B390 /* Project object */;
			proxyType = 1;
			remoteGlobalIDString = 3EBC61CC245DDD8400F4B390;
			remoteInfo = FocusOn;
		};
/* End PBXContainerItemProxy section */

/* Begin PBXCopyFilesBuildPhase section */
		3E2E67AA24644673006E868D /* Embed Frameworks */ = {
			isa = PBXCopyFilesBuildPhase;
			buildActionMask = 2147483647;
			dstPath = "";
			dstSubfolderSpec = 10;
			files = (
				3EA91A89246AA06E00EB19ED /* Pods_FocusOn.framework in Embed Frameworks */,
				3E2E67A924644672006E868D /* Charts.framework in Embed Frameworks */,
			);
			name = "Embed Frameworks";
			runOnlyForDeploymentPostprocessing = 0;
		};
/* End PBXCopyFilesBuildPhase section */

/* Begin PBXFileReference section */
		3E02659D2489837F00FCBC09 /* GoalViewController.swift */ = {isa = PBXFileReference; lastKnownFileType = sourcecode.swift; path = GoalViewController.swift; sourceTree = "<group>"; };
		3E2E67532461EB56006E868D /* CheckMarkButtonWhite.swift */ = {isa = PBXFileReference; lastKnownFileType = sourcecode.swift; path = CheckMarkButtonWhite.swift; sourceTree = "<group>"; };
		3E2E675724621439006E868D /* TaskCompletionAnimation.swift */ = {isa = PBXFileReference; lastKnownFileType = sourcecode.swift; path = TaskCompletionAnimation.swift; sourceTree = "<group>"; };
		3E2E67912462D90F006E868D /* GoalCompletionAnimation.swift */ = {isa = PBXFileReference; lastKnownFileType = sourcecode.swift; path = GoalCompletionAnimation.swift; sourceTree = "<group>"; };
		3E2E67932462F049006E868D /* AlertController.swift */ = {isa = PBXFileReference; lastKnownFileType = sourcecode.swift; path = AlertController.swift; sourceTree = "<group>"; };
		3E2E6797246309DD006E868D /* HistoryGoalTableViewCell.swift */ = {isa = PBXFileReference; lastKnownFileType = sourcecode.swift; path = HistoryGoalTableViewCell.swift; sourceTree = "<group>"; };
		3E2E679E24644650006E868D /* Charts.xcodeproj */ = {isa = PBXFileReference; lastKnownFileType = "wrapper.pb-project"; name = Charts.xcodeproj; path = "Charts-master/Charts.xcodeproj"; sourceTree = "<group>"; };
		3E414115248A6EA500B2E259 /* FocusOnTests.xctest */ = {isa = PBXFileReference; explicitFileType = wrapper.cfbundle; includeInIndex = 0; path = FocusOnTests.xctest; sourceTree = BUILT_PRODUCTS_DIR; };
		3E414119248A6EA500B2E259 /* Info.plist */ = {isa = PBXFileReference; lastKnownFileType = text.plist.xml; path = Info.plist; sourceTree = "<group>"; };
		3E414122248A6F5700B2E259 /* DataManagerTests.swift */ = {isa = PBXFileReference; lastKnownFileType = sourcecode.swift; path = DataManagerTests.swift; sourceTree = "<group>"; };
		3E414124248A720500B2E259 /* TimeManager.swift */ = {isa = PBXFileReference; lastKnownFileType = sourcecode.swift; path = TimeManager.swift; sourceTree = "<group>"; };
		3E414126248A753800B2E259 /* StatsManager.swift */ = {isa = PBXFileReference; lastKnownFileType = sourcecode.swift; path = StatsManager.swift; sourceTree = "<group>"; };
		3EA91A8D246AA32A00EB19ED /* SAConfettiView.framework */ = {isa = PBXFileReference; explicitFileType = wrapper.framework; path = SAConfettiView.framework; sourceTree = BUILT_PRODUCTS_DIR; };
		3EB9AC6E2487D878007AEE1D /* HeaderFooterTableViewCell.swift */ = {isa = PBXFileReference; lastKnownFileType = sourcecode.swift; path = HeaderFooterTableViewCell.swift; sourceTree = "<group>"; };
		3EBC61CD245DDD8400F4B390 /* FocusOn.app */ = {isa = PBXFileReference; explicitFileType = wrapper.application; includeInIndex = 0; path = FocusOn.app; sourceTree = BUILT_PRODUCTS_DIR; };
		3EBC61D0245DDD8400F4B390 /* AppDelegate.swift */ = {isa = PBXFileReference; lastKnownFileType = sourcecode.swift; path = AppDelegate.swift; sourceTree = "<group>"; };
		3EBC61D2245DDD8400F4B390 /* SceneDelegate.swift */ = {isa = PBXFileReference; lastKnownFileType = sourcecode.swift; path = SceneDelegate.swift; sourceTree = "<group>"; };
		3EBC61D7245DDD8400F4B390 /* Base */ = {isa = PBXFileReference; lastKnownFileType = file.storyboard; name = Base; path = Base.lproj/Main.storyboard; sourceTree = "<group>"; };
		3EBC61DA245DDD8400F4B390 /* FocusOn.xcdatamodel */ = {isa = PBXFileReference; lastKnownFileType = wrapper.xcdatamodel; path = FocusOn.xcdatamodel; sourceTree = "<group>"; };
		3EBC61DC245DDDAD00F4B390 /* Assets.xcassets */ = {isa = PBXFileReference; lastKnownFileType = folder.assetcatalog; path = Assets.xcassets; sourceTree = "<group>"; };
		3EBC61DF245DDDAD00F4B390 /* Base */ = {isa = PBXFileReference; lastKnownFileType = file.storyboard; name = Base; path = Base.lproj/LaunchScreen.storyboard; sourceTree = "<group>"; };
		3EBC61E1245DDDAD00F4B390 /* Info.plist */ = {isa = PBXFileReference; lastKnownFileType = text.plist.xml; path = Info.plist; sourceTree = "<group>"; };
		3EBC61EC245F108F00F4B390 /* Goal.swift */ = {isa = PBXFileReference; lastKnownFileType = sourcecode.swift; path = Goal.swift; sourceTree = "<group>"; };
		3EBC61EE245F10AC00F4B390 /* Task.swift */ = {isa = PBXFileReference; lastKnownFileType = sourcecode.swift; path = Task.swift; sourceTree = "<group>"; };
		3EBC61F2245F10F500F4B390 /* TodayViewController.swift */ = {isa = PBXFileReference; lastKnownFileType = sourcecode.swift; path = TodayViewController.swift; sourceTree = "<group>"; };
		3EBC61F4245F113E00F4B390 /* ProgressViewController.swift */ = {isa = PBXFileReference; lastKnownFileType = sourcecode.swift; path = ProgressViewController.swift; sourceTree = "<group>"; };
		3EBC61F6245F114C00F4B390 /* DataManager.swift */ = {isa = PBXFileReference; lastKnownFileType = sourcecode.swift; path = DataManager.swift; sourceTree = "<group>"; };
		3EBC61F8245F269400F4B390 /* HistoryViewController.swift */ = {isa = PBXFileReference; fileEncoding = 4; lastKnownFileType = sourcecode.swift; path = HistoryViewController.swift; sourceTree = "<group>"; };
		3EBC61FA245F39ED00F4B390 /* TodayGoalTableViewCell.swift */ = {isa = PBXFileReference; lastKnownFileType = sourcecode.swift; path = TodayGoalTableViewCell.swift; sourceTree = "<group>"; };
		3EBC61FC245F3A0C00F4B390 /* TodayTaskTableViewCell.swift */ = {isa = PBXFileReference; lastKnownFileType = sourcecode.swift; path = TodayTaskTableViewCell.swift; sourceTree = "<group>"; };
		3EBC6200245F3A5E00F4B390 /* CheckMarkButtonGreen.swift */ = {isa = PBXFileReference; lastKnownFileType = sourcecode.swift; path = CheckMarkButtonGreen.swift; sourceTree = "<group>"; };
		3EBC620524617D7600F4B390 /* HistorySummaryTableViewCell.swift */ = {isa = PBXFileReference; lastKnownFileType = sourcecode.swift; path = HistorySummaryTableViewCell.swift; sourceTree = "<group>"; };
		3EC601F324880CE3004D2798 /* TaskSummaryTableViewCell.swift */ = {isa = PBXFileReference; lastKnownFileType = sourcecode.swift; path = TaskSummaryTableViewCell.swift; sourceTree = "<group>"; };
		3EC601F724881DF4004D2798 /* TVCDatasouceDelegatesExtension.swift */ = {isa = PBXFileReference; lastKnownFileType = sourcecode.swift; path = TVCDatasouceDelegatesExtension.swift; sourceTree = "<group>"; };
		57A307DC161671551DACB33F /* Pods-FocusOn.release.xcconfig */ = {isa = PBXFileReference; includeInIndex = 1; lastKnownFileType = text.xcconfig; name = "Pods-FocusOn.release.xcconfig"; path = "Target Support Files/Pods-FocusOn/Pods-FocusOn.release.xcconfig"; sourceTree = "<group>"; };
		57BE4570351A128FFBCFA4C0 /* Pods_FocusOn.framework */ = {isa = PBXFileReference; explicitFileType = wrapper.framework; includeInIndex = 0; path = Pods_FocusOn.framework; sourceTree = BUILT_PRODUCTS_DIR; };
		9F54166263F7B059DFBDF8E2 /* Pods-FocusOn.debug.xcconfig */ = {isa = PBXFileReference; includeInIndex = 1; lastKnownFileType = text.xcconfig; name = "Pods-FocusOn.debug.xcconfig"; path = "Target Support Files/Pods-FocusOn/Pods-FocusOn.debug.xcconfig"; sourceTree = "<group>"; };
/* End PBXFileReference section */

/* Begin PBXFrameworksBuildPhase section */
		3E414112248A6EA500B2E259 /* Frameworks */ = {
			isa = PBXFrameworksBuildPhase;
			buildActionMask = 2147483647;
			files = (
			);
			runOnlyForDeploymentPostprocessing = 0;
		};
		3EBC61CA245DDD8400F4B390 /* Frameworks */ = {
			isa = PBXFrameworksBuildPhase;
			buildActionMask = 2147483647;
			files = (
				3EA91A88246AA06E00EB19ED /* Pods_FocusOn.framework in Frameworks */,
				3E2E67A824644672006E868D /* Charts.framework in Frameworks */,
			);
			runOnlyForDeploymentPostprocessing = 0;
		};
/* End PBXFrameworksBuildPhase section */

/* Begin PBXGroup section */
		3E2E679F24644650006E868D /* Products */ = {
			isa = PBXGroup;
			children = (
				3E2E67A424644652006E868D /* Charts.framework */,
				3E2E67A624644652006E868D /* ChartsTests.xctest */,
			);
			name = Products;
			sourceTree = "<group>";
		};
		3E2E67A724644672006E868D /* Frameworks */ = {
			isa = PBXGroup;
			children = (
				3EA91A8D246AA32A00EB19ED /* SAConfettiView.framework */,
				57BE4570351A128FFBCFA4C0 /* Pods_FocusOn.framework */,
			);
			name = Frameworks;
			sourceTree = "<group>";
		};
		3E414116248A6EA500B2E259 /* FocusOnTests */ = {
			isa = PBXGroup;
			children = (
				3E414119248A6EA500B2E259 /* Info.plist */,
				3E414122248A6F5700B2E259 /* DataManagerTests.swift */,
			);
			path = FocusOnTests;
			sourceTree = "<group>";
		};
		3E414128248A76DE00B2E259 /* Animations */ = {
			isa = PBXGroup;
			children = (
				3E2E675724621439006E868D /* TaskCompletionAnimation.swift */,
				3E2E67912462D90F006E868D /* GoalCompletionAnimation.swift */,
			);
			name = Animations;
			sourceTree = "<group>";
		};
		3EBC61C4245DDD8400F4B390 = {
			isa = PBXGroup;
			children = (
				3E2E679E24644650006E868D /* Charts.xcodeproj */,
				3EBC61CF245DDD8400F4B390 /* FocusOn */,
				3E414116248A6EA500B2E259 /* FocusOnTests */,
				3EBC61CE245DDD8400F4B390 /* Products */,
				3E2E67A724644672006E868D /* Frameworks */,
				5F86974543BE5852CFC31F14 /* Pods */,
			);
			sourceTree = "<group>";
		};
		3EBC61CE245DDD8400F4B390 /* Products */ = {
			isa = PBXGroup;
			children = (
				3EBC61CD245DDD8400F4B390 /* FocusOn.app */,
				3E414115248A6EA500B2E259 /* FocusOnTests.xctest */,
			);
			name = Products;
			sourceTree = "<group>";
		};
		3EBC61CF245DDD8400F4B390 /* FocusOn */ = {
			isa = PBXGroup;
			children = (
				3EBC61E7245F101200F4B390 /* Model */,
				3EBC61E9245F103700F4B390 /* View */,
				3EBC61E8245F102200F4B390 /* Controller */,
				3EBC61EB245F104600F4B390 /* Supporting Files */,
			);
			path = FocusOn;
			sourceTree = "<group>";
		};
		3EBC61E7245F101200F4B390 /* Model */ = {
			isa = PBXGroup;
			children = (
				3EBC61EC245F108F00F4B390 /* Goal.swift */,
				3EBC61EE245F10AC00F4B390 /* Task.swift */,
				3EBC61F6245F114C00F4B390 /* DataManager.swift */,
				3E414126248A753800B2E259 /* StatsManager.swift */,
				3E414124248A720500B2E259 /* TimeManager.swift */,
				3EBC61D9245DDD8400F4B390 /* FocusOn.xcdatamodeld */,
			);
			path = Model;
			sourceTree = "<group>";
		};
		3EBC61E8245F102200F4B390 /* Controller */ = {
			isa = PBXGroup;
			children = (
				3EBC61F2245F10F500F4B390 /* TodayViewController.swift */,
				3EC601F724881DF4004D2798 /* TVCDatasouceDelegatesExtension.swift */,
				3EBC61F8245F269400F4B390 /* HistoryViewController.swift */,
				3E02659D2489837F00FCBC09 /* GoalViewController.swift */,
				3EBC61F4245F113E00F4B390 /* ProgressViewController.swift */,
				3E2E67932462F049006E868D /* AlertController.swift */,
			);
			path = Controller;
			sourceTree = "<group>";
		};
		3EBC61E9245F103700F4B390 /* View */ = {
			isa = PBXGroup;
			children = (
				3E414128248A76DE00B2E259 /* Animations */,
				3EBC61FF245F3A3100F4B390 /* Buttons */,
				3EBC61FE245F3A1D00F4B390 /* TableViewCells */,
				3EBC61D6245DDD8400F4B390 /* Main.storyboard */,
			);
			path = View;
			sourceTree = "<group>";
		};
		3EBC61EB245F104600F4B390 /* Supporting Files */ = {
			isa = PBXGroup;
			children = (
				3EBC61D0245DDD8400F4B390 /* AppDelegate.swift */,
				3EBC61D2245DDD8400F4B390 /* SceneDelegate.swift */,
				3EBC61DC245DDDAD00F4B390 /* Assets.xcassets */,
				3EBC61DE245DDDAD00F4B390 /* LaunchScreen.storyboard */,
				3EBC61E1245DDDAD00F4B390 /* Info.plist */,
			);
			name = "Supporting Files";
			sourceTree = "<group>";
		};
		3EBC61FE245F3A1D00F4B390 /* TableViewCells */ = {
			isa = PBXGroup;
			children = (
				3EBC61FA245F39ED00F4B390 /* TodayGoalTableViewCell.swift */,
				3EBC61FC245F3A0C00F4B390 /* TodayTaskTableViewCell.swift */,
				3EC601F324880CE3004D2798 /* TaskSummaryTableViewCell.swift */,
				3EBC620524617D7600F4B390 /* HistorySummaryTableViewCell.swift */,
				3E2E6797246309DD006E868D /* HistoryGoalTableViewCell.swift */,
				3EB9AC6E2487D878007AEE1D /* HeaderFooterTableViewCell.swift */,
			);
			name = TableViewCells;
			sourceTree = "<group>";
		};
		3EBC61FF245F3A3100F4B390 /* Buttons */ = {
			isa = PBXGroup;
			children = (
				3EBC6200245F3A5E00F4B390 /* CheckMarkButtonGreen.swift */,
				3E2E67532461EB56006E868D /* CheckMarkButtonWhite.swift */,
			);
			path = Buttons;
			sourceTree = "<group>";
		};
		5F86974543BE5852CFC31F14 /* Pods */ = {
			isa = PBXGroup;
			children = (
				9F54166263F7B059DFBDF8E2 /* Pods-FocusOn.debug.xcconfig */,
				57A307DC161671551DACB33F /* Pods-FocusOn.release.xcconfig */,
			);
			path = Pods;
			sourceTree = "<group>";
		};
/* End PBXGroup section */

/* Begin PBXNativeTarget section */
		3E414114248A6EA500B2E259 /* FocusOnTests */ = {
			isa = PBXNativeTarget;
			buildConfigurationList = 3E414120248A6EA500B2E259 /* Build configuration list for PBXNativeTarget "FocusOnTests" */;
			buildPhases = (
				3E414111248A6EA500B2E259 /* Sources */,
				3E414112248A6EA500B2E259 /* Frameworks */,
				3E414113248A6EA500B2E259 /* Resources */,
			);
			buildRules = (
			);
			dependencies = (
				3E41411B248A6EA500B2E259 /* PBXTargetDependency */,
			);
			name = FocusOnTests;
			productName = FocusOnTests;
			productReference = 3E414115248A6EA500B2E259 /* FocusOnTests.xctest */;
			productType = "com.apple.product-type.bundle.unit-test";
		};
		3EBC61CC245DDD8400F4B390 /* FocusOn */ = {
			isa = PBXNativeTarget;
			buildConfigurationList = 3EBC61E4245DDDAD00F4B390 /* Build configuration list for PBXNativeTarget "FocusOn" */;
			buildPhases = (
				39B0294DE6E44FCAD721A7E1 /* [CP] Check Pods Manifest.lock */,
				3EBC61C9245DDD8400F4B390 /* Sources */,
				3EBC61CA245DDD8400F4B390 /* Frameworks */,
				3EBC61CB245DDD8400F4B390 /* Resources */,
				3E2E67AA24644673006E868D /* Embed Frameworks */,
				40AD7F29F26A13629010936A /* [CP] Embed Pods Frameworks */,
			);
			buildRules = (
			);
			dependencies = (
			);
			name = FocusOn;
			productName = FocusOn;
			productReference = 3EBC61CD245DDD8400F4B390 /* FocusOn.app */;
			productType = "com.apple.product-type.application";
		};
/* End PBXNativeTarget section */

/* Begin PBXProject section */
		3EBC61C5245DDD8400F4B390 /* Project object */ = {
			isa = PBXProject;
			attributes = {
				LastSwiftUpdateCheck = 1150;
				LastUpgradeCheck = 1140;
				ORGANIZATIONNAME = "Michael Gresham";
				TargetAttributes = {
					3E414114248A6EA500B2E259 = {
						CreatedOnToolsVersion = 11.5;
						LastSwiftMigration = 1150;
						TestTargetID = 3EBC61CC245DDD8400F4B390;
					};
					3EBC61CC245DDD8400F4B390 = {
						CreatedOnToolsVersion = 11.4.1;
					};
				};
			};
			buildConfigurationList = 3EBC61C8245DDD8400F4B390 /* Build configuration list for PBXProject "FocusOn" */;
			compatibilityVersion = "Xcode 9.3";
			developmentRegion = en;
			hasScannedForEncodings = 0;
			knownRegions = (
				en,
				Base,
			);
			mainGroup = 3EBC61C4245DDD8400F4B390;
			productRefGroup = 3EBC61CE245DDD8400F4B390 /* Products */;
			projectDirPath = "";
			projectReferences = (
				{
					ProductGroup = 3E2E679F24644650006E868D /* Products */;
					ProjectRef = 3E2E679E24644650006E868D /* Charts.xcodeproj */;
				},
			);
			projectRoot = "";
			targets = (
				3EBC61CC245DDD8400F4B390 /* FocusOn */,
				3E414114248A6EA500B2E259 /* FocusOnTests */,
			);
		};
/* End PBXProject section */

/* Begin PBXReferenceProxy section */
		3E2E67A424644652006E868D /* Charts.framework */ = {
			isa = PBXReferenceProxy;
			fileType = wrapper.framework;
			path = Charts.framework;
			remoteRef = 3E2E67A324644652006E868D /* PBXContainerItemProxy */;
			sourceTree = BUILT_PRODUCTS_DIR;
		};
		3E2E67A624644652006E868D /* ChartsTests.xctest */ = {
			isa = PBXReferenceProxy;
			fileType = wrapper.cfbundle;
			path = ChartsTests.xctest;
			remoteRef = 3E2E67A524644652006E868D /* PBXContainerItemProxy */;
			sourceTree = BUILT_PRODUCTS_DIR;
		};
/* End PBXReferenceProxy section */

/* Begin PBXResourcesBuildPhase section */
		3E414113248A6EA500B2E259 /* Resources */ = {
			isa = PBXResourcesBuildPhase;
			buildActionMask = 2147483647;
			files = (
			);
			runOnlyForDeploymentPostprocessing = 0;
		};
		3EBC61CB245DDD8400F4B390 /* Resources */ = {
			isa = PBXResourcesBuildPhase;
			buildActionMask = 2147483647;
			files = (
				3EBC61E0245DDDAD00F4B390 /* LaunchScreen.storyboard in Resources */,
				3EBC61DD245DDDAD00F4B390 /* Assets.xcassets in Resources */,
				3EBC61D8245DDD8400F4B390 /* Main.storyboard in Resources */,
			);
			runOnlyForDeploymentPostprocessing = 0;
		};
/* End PBXResourcesBuildPhase section */

/* Begin PBXShellScriptBuildPhase section */
		39B0294DE6E44FCAD721A7E1 /* [CP] Check Pods Manifest.lock */ = {
			isa = PBXShellScriptBuildPhase;
			buildActionMask = 2147483647;
			files = (
			);
			inputFileListPaths = (
			);
			inputPaths = (
				"${PODS_PODFILE_DIR_PATH}/Podfile.lock",
				"${PODS_ROOT}/Manifest.lock",
			);
			name = "[CP] Check Pods Manifest.lock";
			outputFileListPaths = (
			);
			outputPaths = (
				"$(DERIVED_FILE_DIR)/Pods-FocusOn-checkManifestLockResult.txt",
			);
			runOnlyForDeploymentPostprocessing = 0;
			shellPath = /bin/sh;
			shellScript = "diff \"${PODS_PODFILE_DIR_PATH}/Podfile.lock\" \"${PODS_ROOT}/Manifest.lock\" > /dev/null\nif [ $? != 0 ] ; then\n    # print error to STDERR\n    echo \"error: The sandbox is not in sync with the Podfile.lock. Run 'pod install' or update your CocoaPods installation.\" >&2\n    exit 1\nfi\n# This output is used by Xcode 'outputs' to avoid re-running this script phase.\necho \"SUCCESS\" > \"${SCRIPT_OUTPUT_FILE_0}\"\n";
			showEnvVarsInLog = 0;
		};
		40AD7F29F26A13629010936A /* [CP] Embed Pods Frameworks */ = {
			isa = PBXShellScriptBuildPhase;
			buildActionMask = 2147483647;
			files = (
			);
			inputFileListPaths = (
				"${PODS_ROOT}/Target Support Files/Pods-FocusOn/Pods-FocusOn-frameworks-${CONFIGURATION}-input-files.xcfilelist",
			);
			name = "[CP] Embed Pods Frameworks";
			outputFileListPaths = (
				"${PODS_ROOT}/Target Support Files/Pods-FocusOn/Pods-FocusOn-frameworks-${CONFIGURATION}-output-files.xcfilelist",
			);
			runOnlyForDeploymentPostprocessing = 0;
			shellPath = /bin/sh;
			shellScript = "\"${PODS_ROOT}/Target Support Files/Pods-FocusOn/Pods-FocusOn-frameworks.sh\"\n";
			showEnvVarsInLog = 0;
		};
/* End PBXShellScriptBuildPhase section */

/* Begin PBXSourcesBuildPhase section */
		3E414111248A6EA500B2E259 /* Sources */ = {
			isa = PBXSourcesBuildPhase;
			buildActionMask = 2147483647;
			files = (
				3E414123248A6F5700B2E259 /* DataManagerTests.swift in Sources */,
			);
			runOnlyForDeploymentPostprocessing = 0;
		};
		3EBC61C9245DDD8400F4B390 /* Sources */ = {
			isa = PBXSourcesBuildPhase;
			buildActionMask = 2147483647;
			files = (
				3E02659E2489837F00FCBC09 /* GoalViewController.swift in Sources */,
				3EBC61FB245F39ED00F4B390 /* TodayGoalTableViewCell.swift in Sources */,
				3E2E6798246309DD006E868D /* HistoryGoalTableViewCell.swift in Sources */,
				3EBC6201245F3A5E00F4B390 /* CheckMarkButtonGreen.swift in Sources */,
				3EBC61DB245DDD8400F4B390 /* FocusOn.xcdatamodeld in Sources */,
				3EBC61D1245DDD8400F4B390 /* AppDelegate.swift in Sources */,
				3EC601F824881DF4004D2798 /* TVCDatasouceDelegatesExtension.swift in Sources */,
				3EBC61ED245F108F00F4B390 /* Goal.swift in Sources */,
				3EBC61F3245F10F600F4B390 /* TodayViewController.swift in Sources */,
				3EBC61EF245F10AC00F4B390 /* Task.swift in Sources */,
				3EBC61F5245F113E00F4B390 /* ProgressViewController.swift in Sources */,
				3E2E67942462F049006E868D /* AlertController.swift in Sources */,
				3EBC61F9245F269500F4B390 /* HistoryViewController.swift in Sources */,
				3E414125248A720500B2E259 /* TimeManager.swift in Sources */,
				3EBC61F7245F114C00F4B390 /* DataManager.swift in Sources */,
				3E2E675824621439006E868D /* TaskCompletionAnimation.swift in Sources */,
				3EBC620624617D7600F4B390 /* HistorySummaryTableViewCell.swift in Sources */,
				3E2E67542461EB56006E868D /* CheckMarkButtonWhite.swift in Sources */,
				3EC601F424880CE3004D2798 /* TaskSummaryTableViewCell.swift in Sources */,
				3EBC61D3245DDD8400F4B390 /* SceneDelegate.swift in Sources */,
				3EB9AC6F2487D878007AEE1D /* HeaderFooterTableViewCell.swift in Sources */,
				3E2E67922462D90F006E868D /* GoalCompletionAnimation.swift in Sources */,
				3EBC61FD245F3A0C00F4B390 /* TodayTaskTableViewCell.swift in Sources */,
				3E414127248A753800B2E259 /* StatsManager.swift in Sources */,
			);
			runOnlyForDeploymentPostprocessing = 0;
		};
/* End PBXSourcesBuildPhase section */

/* Begin PBXTargetDependency section */
		3E41411B248A6EA500B2E259 /* PBXTargetDependency */ = {
			isa = PBXTargetDependency;
			target = 3EBC61CC245DDD8400F4B390 /* FocusOn */;
			targetProxy = 3E41411A248A6EA500B2E259 /* PBXContainerItemProxy */;
		};
/* End PBXTargetDependency section */

/* Begin PBXVariantGroup section */
		3EBC61D6245DDD8400F4B390 /* Main.storyboard */ = {
			isa = PBXVariantGroup;
			children = (
				3EBC61D7245DDD8400F4B390 /* Base */,
			);
			name = Main.storyboard;
			sourceTree = "<group>";
		};
		3EBC61DE245DDDAD00F4B390 /* LaunchScreen.storyboard */ = {
			isa = PBXVariantGroup;
			children = (
				3EBC61DF245DDDAD00F4B390 /* Base */,
			);
			name = LaunchScreen.storyboard;
			sourceTree = "<group>";
		};
/* End PBXVariantGroup section */

/* Begin XCBuildConfiguration section */
		3E41411C248A6EA500B2E259 /* Debug */ = {
			isa = XCBuildConfiguration;
			buildSettings = {
				BUNDLE_LOADER = "$(TEST_HOST)";
				CLANG_ENABLE_MODULES = YES;
				CODE_SIGN_STYLE = Automatic;
				DEVELOPMENT_TEAM = T7FS576T2W;
				INFOPLIST_FILE = FocusOnTests/Info.plist;
				IPHONEOS_DEPLOYMENT_TARGET = 13.5;
				LD_RUNPATH_SEARCH_PATHS = (
					"$(inherited)",
					"@executable_path/Frameworks",
					"@loader_path/Frameworks",
				);
				PRODUCT_BUNDLE_IDENTIFIER = com.mikegresham.FocusOnTests;
				PRODUCT_NAME = "$(TARGET_NAME)";
				SWIFT_OPTIMIZATION_LEVEL = "-Onone";
				SWIFT_VERSION = 5.0;
				TARGETED_DEVICE_FAMILY = "1,2";
				TEST_HOST = "$(BUILT_PRODUCTS_DIR)/FocusOn.app/FocusOn";
			};
			name = Debug;
		};
		3E41411D248A6EA500B2E259 /* Release */ = {
			isa = XCBuildConfiguration;
			buildSettings = {
				BUNDLE_LOADER = "$(TEST_HOST)";
				CLANG_ENABLE_MODULES = YES;
				CODE_SIGN_STYLE = Automatic;
				DEVELOPMENT_TEAM = T7FS576T2W;
				INFOPLIST_FILE = FocusOnTests/Info.plist;
				IPHONEOS_DEPLOYMENT_TARGET = 13.5;
				LD_RUNPATH_SEARCH_PATHS = (
					"$(inherited)",
					"@executable_path/Frameworks",
					"@loader_path/Frameworks",
				);
				PRODUCT_BUNDLE_IDENTIFIER = com.mikegresham.FocusOnTests;
				PRODUCT_NAME = "$(TARGET_NAME)";
				SWIFT_VERSION = 5.0;
				TARGETED_DEVICE_FAMILY = "1,2";
				TEST_HOST = "$(BUILT_PRODUCTS_DIR)/FocusOn.app/FocusOn";
			};
			name = Release;
		};
		3EBC61E2245DDDAD00F4B390 /* Debug */ = {
			isa = XCBuildConfiguration;
			buildSettings = {
				ALWAYS_SEARCH_USER_PATHS = NO;
				CLANG_ANALYZER_NONNULL = YES;
				CLANG_ANALYZER_NUMBER_OBJECT_CONVERSION = YES_AGGRESSIVE;
				CLANG_CXX_LANGUAGE_STANDARD = "gnu++14";
				CLANG_CXX_LIBRARY = "libc++";
				CLANG_ENABLE_MODULES = YES;
				CLANG_ENABLE_OBJC_ARC = YES;
				CLANG_ENABLE_OBJC_WEAK = YES;
				CLANG_WARN_BLOCK_CAPTURE_AUTORELEASING = YES;
				CLANG_WARN_BOOL_CONVERSION = YES;
				CLANG_WARN_COMMA = YES;
				CLANG_WARN_CONSTANT_CONVERSION = YES;
				CLANG_WARN_DEPRECATED_OBJC_IMPLEMENTATIONS = YES;
				CLANG_WARN_DIRECT_OBJC_ISA_USAGE = YES_ERROR;
				CLANG_WARN_DOCUMENTATION_COMMENTS = YES;
				CLANG_WARN_EMPTY_BODY = YES;
				CLANG_WARN_ENUM_CONVERSION = YES;
				CLANG_WARN_INFINITE_RECURSION = YES;
				CLANG_WARN_INT_CONVERSION = YES;
				CLANG_WARN_NON_LITERAL_NULL_CONVERSION = YES;
				CLANG_WARN_OBJC_IMPLICIT_RETAIN_SELF = YES;
				CLANG_WARN_OBJC_LITERAL_CONVERSION = YES;
				CLANG_WARN_OBJC_ROOT_CLASS = YES_ERROR;
				CLANG_WARN_RANGE_LOOP_ANALYSIS = YES;
				CLANG_WARN_STRICT_PROTOTYPES = YES;
				CLANG_WARN_SUSPICIOUS_MOVE = YES;
				CLANG_WARN_UNGUARDED_AVAILABILITY = YES_AGGRESSIVE;
				CLANG_WARN_UNREACHABLE_CODE = YES;
				CLANG_WARN__DUPLICATE_METHOD_MATCH = YES;
				COPY_PHASE_STRIP = NO;
				DEBUG_INFORMATION_FORMAT = dwarf;
				ENABLE_STRICT_OBJC_MSGSEND = YES;
				ENABLE_TESTABILITY = YES;
				GCC_C_LANGUAGE_STANDARD = gnu11;
				GCC_DYNAMIC_NO_PIC = NO;
				GCC_NO_COMMON_BLOCKS = YES;
				GCC_OPTIMIZATION_LEVEL = 0;
				GCC_PREPROCESSOR_DEFINITIONS = (
					"DEBUG=1",
					"$(inherited)",
				);
				GCC_WARN_64_TO_32_BIT_CONVERSION = YES;
				GCC_WARN_ABOUT_RETURN_TYPE = YES_ERROR;
				GCC_WARN_UNDECLARED_SELECTOR = YES;
				GCC_WARN_UNINITIALIZED_AUTOS = YES_AGGRESSIVE;
				GCC_WARN_UNUSED_FUNCTION = YES;
				GCC_WARN_UNUSED_VARIABLE = YES;
				IPHONEOS_DEPLOYMENT_TARGET = 13.4;
				MTL_ENABLE_DEBUG_INFO = INCLUDE_SOURCE;
				MTL_FAST_MATH = YES;
				ONLY_ACTIVE_ARCH = YES;
				SDKROOT = iphoneos;
				SWIFT_ACTIVE_COMPILATION_CONDITIONS = DEBUG;
				SWIFT_OPTIMIZATION_LEVEL = "-Onone";
			};
			name = Debug;
		};
		3EBC61E3245DDDAD00F4B390 /* Release */ = {
			isa = XCBuildConfiguration;
			buildSettings = {
				ALWAYS_SEARCH_USER_PATHS = NO;
				CLANG_ANALYZER_NONNULL = YES;
				CLANG_ANALYZER_NUMBER_OBJECT_CONVERSION = YES_AGGRESSIVE;
				CLANG_CXX_LANGUAGE_STANDARD = "gnu++14";
				CLANG_CXX_LIBRARY = "libc++";
				CLANG_ENABLE_MODULES = YES;
				CLANG_ENABLE_OBJC_ARC = YES;
				CLANG_ENABLE_OBJC_WEAK = YES;
				CLANG_WARN_BLOCK_CAPTURE_AUTORELEASING = YES;
				CLANG_WARN_BOOL_CONVERSION = YES;
				CLANG_WARN_COMMA = YES;
				CLANG_WARN_CONSTANT_CONVERSION = YES;
				CLANG_WARN_DEPRECATED_OBJC_IMPLEMENTATIONS = YES;
				CLANG_WARN_DIRECT_OBJC_ISA_USAGE = YES_ERROR;
				CLANG_WARN_DOCUMENTATION_COMMENTS = YES;
				CLANG_WARN_EMPTY_BODY = YES;
				CLANG_WARN_ENUM_CONVERSION = YES;
				CLANG_WARN_INFINITE_RECURSION = YES;
				CLANG_WARN_INT_CONVERSION = YES;
				CLANG_WARN_NON_LITERAL_NULL_CONVERSION = YES;
				CLANG_WARN_OBJC_IMPLICIT_RETAIN_SELF = YES;
				CLANG_WARN_OBJC_LITERAL_CONVERSION = YES;
				CLANG_WARN_OBJC_ROOT_CLASS = YES_ERROR;
				CLANG_WARN_RANGE_LOOP_ANALYSIS = YES;
				CLANG_WARN_STRICT_PROTOTYPES = YES;
				CLANG_WARN_SUSPICIOUS_MOVE = YES;
				CLANG_WARN_UNGUARDED_AVAILABILITY = YES_AGGRESSIVE;
				CLANG_WARN_UNREACHABLE_CODE = YES;
				CLANG_WARN__DUPLICATE_METHOD_MATCH = YES;
				COPY_PHASE_STRIP = NO;
				DEBUG_INFORMATION_FORMAT = "dwarf-with-dsym";
				ENABLE_NS_ASSERTIONS = NO;
				ENABLE_STRICT_OBJC_MSGSEND = YES;
				GCC_C_LANGUAGE_STANDARD = gnu11;
				GCC_NO_COMMON_BLOCKS = YES;
				GCC_WARN_64_TO_32_BIT_CONVERSION = YES;
				GCC_WARN_ABOUT_RETURN_TYPE = YES_ERROR;
				GCC_WARN_UNDECLARED_SELECTOR = YES;
				GCC_WARN_UNINITIALIZED_AUTOS = YES_AGGRESSIVE;
				GCC_WARN_UNUSED_FUNCTION = YES;
				GCC_WARN_UNUSED_VARIABLE = YES;
				IPHONEOS_DEPLOYMENT_TARGET = 13.4;
				MTL_ENABLE_DEBUG_INFO = NO;
				MTL_FAST_MATH = YES;
				SDKROOT = iphoneos;
				SWIFT_COMPILATION_MODE = wholemodule;
				SWIFT_OPTIMIZATION_LEVEL = "-O";
				VALIDATE_PRODUCT = YES;
			};
			name = Release;
		};
		3EBC61E5245DDDAD00F4B390 /* Debug */ = {
			isa = XCBuildConfiguration;
			baseConfigurationReference = 9F54166263F7B059DFBDF8E2 /* Pods-FocusOn.debug.xcconfig */;
			buildSettings = {
				ASSETCATALOG_COMPILER_APPICON_NAME = AppIcon;
				CODE_SIGN_STYLE = Automatic;
				DEVELOPMENT_TEAM = T7FS576T2W;
				INFOPLIST_FILE = FocusOn/Info.plist;
				LD_RUNPATH_SEARCH_PATHS = (
					"$(inherited)",
					"@executable_path/Frameworks",
				);
				PRODUCT_BUNDLE_IDENTIFIER = com.mikegresham.FocusOn;
				PRODUCT_NAME = "$(TARGET_NAME)";
				SWIFT_VERSION = 5.0;
				TARGETED_DEVICE_FAMILY = "1,2";
			};
			name = Debug;
		};
		3EBC61E6245DDDAD00F4B390 /* Release */ = {
			isa = XCBuildConfiguration;
			baseConfigurationReference = 57A307DC161671551DACB33F /* Pods-FocusOn.release.xcconfig */;
			buildSettings = {
				ASSETCATALOG_COMPILER_APPICON_NAME = AppIcon;
				CODE_SIGN_STYLE = Automatic;
				DEVELOPMENT_TEAM = T7FS576T2W;
				INFOPLIST_FILE = FocusOn/Info.plist;
				LD_RUNPATH_SEARCH_PATHS = (
					"$(inherited)",
					"@executable_path/Frameworks",
				);
				PRODUCT_BUNDLE_IDENTIFIER = com.mikegresham.FocusOn;
				PRODUCT_NAME = "$(TARGET_NAME)";
				SWIFT_VERSION = 5.0;
				TARGETED_DEVICE_FAMILY = "1,2";
			};
			name = Release;
		};
/* End XCBuildConfiguration section */

/* Begin XCConfigurationList section */
		3E414120248A6EA500B2E259 /* Build configuration list for PBXNativeTarget "FocusOnTests" */ = {
			isa = XCConfigurationList;
			buildConfigurations = (
				3E41411C248A6EA500B2E259 /* Debug */,
				3E41411D248A6EA500B2E259 /* Release */,
			);
			defaultConfigurationIsVisible = 0;
			defaultConfigurationName = Release;
		};
		3EBC61C8245DDD8400F4B390 /* Build configuration list for PBXProject "FocusOn" */ = {
			isa = XCConfigurationList;
			buildConfigurations = (
				3EBC61E2245DDDAD00F4B390 /* Debug */,
				3EBC61E3245DDDAD00F4B390 /* Release */,
			);
			defaultConfigurationIsVisible = 0;
			defaultConfigurationName = Release;
		};
		3EBC61E4245DDDAD00F4B390 /* Build configuration list for PBXNativeTarget "FocusOn" */ = {
			isa = XCConfigurationList;
			buildConfigurations = (
				3EBC61E5245DDDAD00F4B390 /* Debug */,
				3EBC61E6245DDDAD00F4B390 /* Release */,
			);
			defaultConfigurationIsVisible = 0;
			defaultConfigurationName = Release;
		};
/* End XCConfigurationList section */

/* Begin XCVersionGroup section */
		3EBC61D9245DDD8400F4B390 /* FocusOn.xcdatamodeld */ = {
			isa = XCVersionGroup;
			children = (
				3EBC61DA245DDD8400F4B390 /* FocusOn.xcdatamodel */,
			);
			currentVersion = 3EBC61DA245DDD8400F4B390 /* FocusOn.xcdatamodel */;
			path = FocusOn.xcdatamodeld;
			sourceTree = "<group>";
			versionGroupType = wrapper.xcdatamodel;
		};
/* End XCVersionGroup section */
	};
	rootObject = 3EBC61C5245DDD8400F4B390 /* Project object */;
}
